
Microsoft Visual Studio Solution File, Format Version 12.00
# Visual Studio Version 17
VisualStudioVersion = 17.0.31903.59
MinimumVisualStudioVersion = 10.0.40219.1
Project("{2150E333-8FDC-42A3-9474-1A3956D46DE8}") = "src", "src", "{827E0CD3-B72D-47B6-A68D-7590B98EB39B}"
EndProject
Project("{FAE04EC0-301F-11D3-BF4B-00C04F79EFBC}") = "Inverge.Nexus", "src\Inverge.Nexus\Inverge.Nexus.csproj", "{9E130B1C-5809-411C-B1F0-954F7DE313E8}"
EndProject
Project("{FAE04EC0-301F-11D3-BF4B-00C04F79EFBC}") = "Inverge.Nexus.Extensions.Logging", "src\Inverge.Nexus.Extensions.Logging\Inverge.Nexus.Extensions.Logging.csproj", "{BFAB3A34-490D-4808-AD47-93CA65882563}"
EndProject
Project("{FAE04EC0-301F-11D3-BF4B-00C04F79EFBC}") = "Inverge.Nexus.AspNetCore", "src\Inverge.Nexus.AspNetCore\Inverge.Nexus.AspNetCore.csproj", "{06354F45-F505-4C8C-AB4A-4FDF78082EFD}"
EndProject
Project("{FAE04EC0-301F-11D3-BF4B-00C04F79EFBC}") = "Inverge.Nexus.Realtime", "src\Inverge.Nexus.Realtime\Inverge.Nexus.Realtime.csproj", "{8A4E8E89-8A8A-46B8-8662-E7CB6E6ABF6E}"
EndProject
Project("{2150E333-8FDC-42A3-9474-1A3956D46DE8}") = "tests", "tests", "{0AB3BF05-4346-4AA6-1389-037BE0695223}"
EndProject
Project("{FAE04EC0-301F-11D3-BF4B-00C04F79EFBC}") = "Inverge.Nexus.Tests", "tests\Inverge.Nexus.Tests\Inverge.Nexus.Tests.csproj", "{237A06C6-C991-49BB-9C72-243609926A9B}"
EndProject
Project("{2150E333-8FDC-42A3-9474-1A3956D46DE8}") = "samples", "samples", "{5D20AA90-6969-D8BD-9DCD-8634F4692FDA}"
EndProject
Project("{FAE04EC0-301F-11D3-BF4B-00C04F79EFBC}") = "Inverge.Nexus.Sample.MinimalApi", "samples\Inverge.Nexus.Sample.MinimalApi\Inverge.Nexus.Sample.MinimalApi.csproj", "{6AC0B1FC-6EC0-476B-B87A-3894D1B8143A}"
EndProject
Project("{FAE04EC0-301F-11D3-BF4B-00C04F79EFBC}") = "Inverge.Nexus.Sample.Worker", "samples\Inverge.Nexus.Sample.Worker\Inverge.Nexus.Sample.Worker.csproj", "{EEAF5C80-E7AB-451A-A960-4547D4FD5B7F}"
EndProject
Global
	GlobalSection(SolutionConfigurationPlatforms) = preSolution
		Debug|Any CPU = Debug|Any CPU
		Debug|x64 = Debug|x64
		Debug|x86 = Debug|x86
		Release|Any CPU = Release|Any CPU
		Release|x64 = Release|x64
		Release|x86 = Release|x86
	EndGlobalSection
	GlobalSection(ProjectConfigurationPlatforms) = postSolution
		{9E130B1C-5809-411C-B1F0-954F7DE313E8}.Debug|Any CPU.ActiveCfg = Debug|Any CPU
		{9E130B1C-5809-411C-B1F0-954F7DE313E8}.Debug|Any CPU.Build.0 = Debug|Any CPU
		{9E130B1C-5809-411C-B1F0-954F7DE313E8}.Debug|x64.ActiveCfg = Debug|Any CPU
		{9E130B1C-5809-411C-B1F0-954F7DE313E8}.Debug|x64.Build.0 = Debug|Any CPU
		{9E130B1C-5809-411C-B1F0-954F7DE313E8}.Debug|x86.ActiveCfg = Debug|Any CPU
		{9E130B1C-5809-411C-B1F0-954F7DE313E8}.Debug|x86.Build.0 = Debug|Any CPU
		{9E130B1C-5809-411C-B1F0-954F7DE313E8}.Release|Any CPU.ActiveCfg = Release|Any CPU
		{9E130B1C-5809-411C-B1F0-954F7DE313E8}.Release|Any CPU.Build.0 = Release|Any CPU
		{9E130B1C-5809-411C-B1F0-954F7DE313E8}.Release|x64.ActiveCfg = Release|Any CPU
		{9E130B1C-5809-411C-B1F0-954F7DE313E8}.Release|x64.Build.0 = Release|Any CPU
		{9E130B1C-5809-411C-B1F0-954F7DE313E8}.Release|x86.ActiveCfg = Release|Any CPU
		{9E130B1C-5809-411C-B1F0-954F7DE313E8}.Release|x86.Build.0 = Release|Any CPU
		{BFAB3A34-490D-4808-AD47-93CA65882563}.Debug|Any CPU.ActiveCfg = Debug|Any CPU
		{BFAB3A34-490D-4808-AD47-93CA65882563}.Debug|Any CPU.Build.0 = Debug|Any CPU
		{BFAB3A34-490D-4808-AD47-93CA65882563}.Debug|x64.ActiveCfg = Debug|Any CPU
		{BFAB3A34-490D-4808-AD47-93CA65882563}.Debug|x64.Build.0 = Debug|Any CPU
		{BFAB3A34-490D-4808-AD47-93CA65882563}.Debug|x86.ActiveCfg = Debug|Any CPU
		{BFAB3A34-490D-4808-AD47-93CA65882563}.Debug|x86.Build.0 = Debug|Any CPU
		{BFAB3A34-490D-4808-AD47-93CA65882563}.Release|Any CPU.ActiveCfg = Release|Any CPU
		{BFAB3A34-490D-4808-AD47-93CA65882563}.Release|Any CPU.Build.0 = Release|Any CPU
		{BFAB3A34-490D-4808-AD47-93CA65882563}.Release|x64.ActiveCfg = Release|Any CPU
		{BFAB3A34-490D-4808-AD47-93CA65882563}.Release|x64.Build.0 = Release|Any CPU
		{BFAB3A34-490D-4808-AD47-93CA65882563}.Release|x86.ActiveCfg = Release|Any CPU
		{BFAB3A34-490D-4808-AD47-93CA65882563}.Release|x86.Build.0 = Release|Any CPU
		{06354F45-F505-4C8C-AB4A-4FDF78082EFD}.Debug|Any CPU.ActiveCfg = Debug|Any CPU
		{06354F45-F505-4C8C-AB4A-4FDF78082EFD}.Debug|Any CPU.Build.0 = Debug|Any CPU
		{06354F45-F505-4C8C-AB4A-4FDF78082EFD}.Debug|x64.ActiveCfg = Debug|Any CPU
		{06354F45-F505-4C8C-AB4A-4FDF78082EFD}.Debug|x64.Build.0 = Debug|Any CPU
		{06354F45-F505-4C8C-AB4A-4FDF78082EFD}.Debug|x86.ActiveCfg = Debug|Any CPU
		{06354F45-F505-4C8C-AB4A-4FDF78082EFD}.Debug|x86.Build.0 = Debug|Any CPU
		{06354F45-F505-4C8C-AB4A-4FDF78082EFD}.Release|Any CPU.ActiveCfg = Release|Any CPU
		{06354F45-F505-4C8C-AB4A-4FDF78082EFD}.Release|Any CPU.Build.0 = Release|Any CPU
		{06354F45-F505-4C8C-AB4A-4FDF78082EFD}.Release|x64.ActiveCfg = Release|Any CPU
		{06354F45-F505-4C8C-AB4A-4FDF78082EFD}.Release|x64.Build.0 = Release|Any CPU
		{06354F45-F505-4C8C-AB4A-4FDF78082EFD}.Release|x86.ActiveCfg = Release|Any CPU
		{06354F45-F505-4C8C-AB4A-4FDF78082EFD}.Release|x86.Build.0 = Release|Any CPU
		{8A4E8E89-8A8A-46B8-8662-E7CB6E6ABF6E}.Debug|Any CPU.ActiveCfg = Debug|Any CPU
		{8A4E8E89-8A8A-46B8-8662-E7CB6E6ABF6E}.Debug|Any CPU.Build.0 = Debug|Any CPU
		{8A4E8E89-8A8A-46B8-8662-E7CB6E6ABF6E}.Debug|x64.ActiveCfg = Debug|Any CPU
		{8A4E8E89-8A8A-46B8-8662-E7CB6E6ABF6E}.Debug|x64.Build.0 = Debug|Any CPU
		{8A4E8E89-8A8A-46B8-8662-E7CB6E6ABF6E}.Debug|x86.ActiveCfg = Debug|Any CPU
		{8A4E8E89-8A8A-46B8-8662-E7CB6E6ABF6E}.Debug|x86.Build.0 = Debug|Any CPU
		{8A4E8E89-8A8A-46B8-8662-E7CB6E6ABF6E}.Release|Any CPU.ActiveCfg = Release|Any CPU
		{8A4E8E89-8A8A-46B8-8662-E7CB6E6ABF6E}.Release|Any CPU.Build.0 = Release|Any CPU
		{8A4E8E89-8A8A-46B8-8662-E7CB6E6ABF6E}.Release|x64.ActiveCfg = Release|Any CPU
		{8A4E8E89-8A8A-46B8-8662-E7CB6E6ABF6E}.Release|x64.Build.0 = Release|Any CPU
		{8A4E8E89-8A8A-46B8-8662-E7CB6E6ABF6E}.Release|x86.ActiveCfg = Release|Any CPU
		{8A4E8E89-8A8A-46B8-8662-E7CB6E6ABF6E}.Release|x86.Build.0 = Release|Any CPU
		{237A06C6-C991-49BB-9C72-243609926A9B}.Debug|Any CPU.ActiveCfg = Debug|Any CPU
		{237A06C6-C991-49BB-9C72-243609926A9B}.Debug|Any CPU.Build.0 = Debug|Any CPU
		{237A06C6-C991-49BB-9C72-243609926A9B}.Debug|x64.ActiveCfg = Debug|Any CPU
		{237A06C6-C991-49BB-9C72-243609926A9B}.Debug|x64.Build.0 = Debug|Any CPU
		{237A06C6-C991-49BB-9C72-243609926A9B}.Debug|x86.ActiveCfg = Debug|Any CPU
		{237A06C6-C991-49BB-9C72-243609926A9B}.Debug|x86.Build.0 = Debug|Any CPU
		{237A06C6-C991-49BB-9C72-243609926A9B}.Release|Any CPU.ActiveCfg = Release|Any CPU
		{237A06C6-C991-49BB-9C72-243609926A9B}.Release|Any CPU.Build.0 = Release|Any CPU
		{237A06C6-C991-49BB-9C72-243609926A9B}.Release|x64.ActiveCfg = Release|Any CPU
		{237A06C6-C991-49BB-9C72-243609926A9B}.Release|x64.Build.0 = Release|Any CPU
		{237A06C6-C991-49BB-9C72-243609926A9B}.Release|x86.ActiveCfg = Release|Any CPU
		{237A06C6-C991-49BB-9C72-243609926A9B}.Release|x86.Build.0 = Release|Any CPU
		{6AC0B1FC-6EC0-476B-B87A-3894D1B8143A}.Debug|Any CPU.ActiveCfg = Debug|Any CPU
		{6AC0B1FC-6EC0-476B-B87A-3894D1B8143A}.Debug|Any CPU.Build.0 = Debug|Any CPU
		{6AC0B1FC-6EC0-476B-B87A-3894D1B8143A}.Debug|x64.ActiveCfg = Debug|Any CPU
		{6AC0B1FC-6EC0-476B-B87A-3894D1B8143A}.Debug|x64.Build.0 = Debug|Any CPU
		{6AC0B1FC-6EC0-476B-B87A-3894D1B8143A}.Debug|x86.ActiveCfg = Debug|Any CPU
		{6AC0B1FC-6EC0-476B-B87A-3894D1B8143A}.Debug|x86.Build.0 = Debug|Any CPU
		{6AC0B1FC-6EC0-476B-B87A-3894D1B8143A}.Release|Any CPU.ActiveCfg = Release|Any CPU
		{6AC0B1FC-6EC0-476B-B87A-3894D1B8143A}.Release|Any CPU.Build.0 = Release|Any CPU
		{6AC0B1FC-6EC0-476B-B87A-3894D1B8143A}.Release|x64.ActiveCfg = Release|Any CPU
		{6AC0B1FC-6EC0-476B-B87A-3894D1B8143A}.Release|x64.Build.0 = Release|Any CPU
		{6AC0B1FC-6EC0-476B-B87A-3894D1B8143A}.Release|x86.ActiveCfg = Release|Any CPU
		{6AC0B1FC-6EC0-476B-B87A-3894D1B8143A}.Release|x86.Build.0 = Release|Any CPU
		{EEAF5C80-E7AB-451A-A960-4547D4FD5B7F}.Debug|Any CPU.ActiveCfg = Debug|Any CPU
		{EEAF5C80-E7AB-451A-A960-4547D4FD5B7F}.Debug|Any CPU.Build.0 = Debug|Any CPU
		{EEAF5C80-E7AB-451A-A960-4547D4FD5B7F}.Debug|x64.ActiveCfg = Debug|Any CPU
		{EEAF5C80-E7AB-451A-A960-4547D4FD5B7F}.Debug|x64.Build.0 = Debug|Any CPU
		{EEAF5C80-E7AB-451A-A960-4547D4FD5B7F}.Debug|x86.ActiveCfg = Debug|Any CPU
		{EEAF5C80-E7AB-451A-A960-4547D4FD5B7F}.Debug|x86.Build.0 = Debug|Any CPU
		{EEAF5C80-E7AB-451A-A960-4547D4FD5B7F}.Release|Any CPU.ActiveCfg = Release|Any CPU
		{EEAF5C80-E7AB-451A-A960-4547D4FD5B7F}.Release|Any CPU.Build.0 = Release|Any CPU
		{EEAF5C80-E7AB-451A-A960-4547D4FD5B7F}.Release|x64.ActiveCfg = Release|Any CPU
		{EEAF5C80-E7AB-451A-A960-4547D4FD5B7F}.Release|x64.Build.0 = Release|Any CPU
		{EEAF5C80-E7AB-451A-A960-4547D4FD5B7F}.Release|x86.ActiveCfg = Release|Any CPU
		{EEAF5C80-E7AB-451A-A960-4547D4FD5B7F}.Release|x86.Build.0 = Release|Any CPU
	EndGlobalSection
	GlobalSection(SolutionProperties) = preSolution
		HideSolutionNode = FALSE
	EndGlobalSection
	GlobalSection(NestedProjects) = preSolution
		{9E130B1C-5809-411C-B1F0-954F7DE313E8} = {827E0CD3-B72D-47B6-A68D-7590B98EB39B}
		{BFAB3A34-490D-4808-AD47-93CA65882563} = {827E0CD3-B72D-47B6-A68D-7590B98EB39B}
		{06354F45-F505-4C8C-AB4A-4FDF78082EFD} = {827E0CD3-B72D-47B6-A68D-7590B98EB39B}
		{8A4E8E89-8A8A-46B8-8662-E7CB6E6ABF6E} = {827E0CD3-B72D-47B6-A68D-7590B98EB39B}
		{237A06C6-C991-49BB-9C72-243609926A9B} = {0AB3BF05-4346-4AA6-1389-037BE0695223}
		{6AC0B1FC-6EC0-476B-B87A-3894D1B8143A} = {5D20AA90-6969-D8BD-9DCD-8634F4692FDA}
		{EEAF5C80-E7AB-451A-A960-4547D4FD5B7F} = {5D20AA90-6969-D8BD-9DCD-8634F4692FDA}
	EndGlobalSection
EndGlobal
